// !$*UTF8*$!
{
	archiveVersion = 1;
	classes = {
	};
	objectVersion = 50;
	objects = {

/* Begin PBXBuildFile section */
		45B14772236AEC5E0043C54F /* AppDelegate.m in Sources */ = {isa = PBXBuildFile; fileRef = 45B14771236AEC5E0043C54F /* AppDelegate.m */; };
		45B14778236AEC5E0043C54F /* ViewController.m in Sources */ = {isa = PBXBuildFile; fileRef = 45B14777236AEC5E0043C54F /* ViewController.m */; };
		45B1477B236AEC5E0043C54F /* Main.storyboard in Resources */ = {isa = PBXBuildFile; fileRef = 45B14779236AEC5E0043C54F /* Main.storyboard */; };
		45B1477D236AEC5F0043C54F /* Assets.xcassets in Resources */ = {isa = PBXBuildFile; fileRef = 45B1477C236AEC5F0043C54F /* Assets.xcassets */; };
		45B14780236AEC5F0043C54F /* LaunchScreen.storyboard in Resources */ = {isa = PBXBuildFile; fileRef = 45B1477E236AEC5F0043C54F /* LaunchScreen.storyboard */; };
		45B14783236AEC5F0043C54F /* main.m in Sources */ = {isa = PBXBuildFile; fileRef = 45B14782236AEC5F0043C54F /* main.m */; };
		45B147B0236AED910043C54F /* ZFAudioRecorder.m in Sources */ = {isa = PBXBuildFile; fileRef = 45B147AF236AED910043C54F /* ZFAudioRecorder.m */; };
		45B147B3236AEE5B0043C54F /* ZFAudioFileManager.m in Sources */ = {isa = PBXBuildFile; fileRef = 45B147B2236AEE5B0043C54F /* ZFAudioFileManager.m */; };
/* End PBXBuildFile section */

/* Begin PBXFileReference section */
		45B1476D236AEC5E0043C54F /* AVCaptureSessionAudioRecorder.app */ = {isa = PBXFileReference; explicitFileType = wrapper.application; includeInIndex = 0; path = AVCaptureSessionAudioRecorder.app; sourceTree = BUILT_PRODUCTS_DIR; };
		45B14770236AEC5E0043C54F /* AppDelegate.h */ = {isa = PBXFileReference; lastKnownFileType = sourcecode.c.h; path = AppDelegate.h; sourceTree = "<group>"; };
		45B14771236AEC5E0043C54F /* AppDelegate.m */ = {isa = PBXFileReference; lastKnownFileType = sourcecode.c.objc; path = AppDelegate.m; sourceTree = "<group>"; };
		45B14776236AEC5E0043C54F /* ViewController.h */ = {isa = PBXFileReference; lastKnownFileType = sourcecode.c.h; path = ViewController.h; sourceTree = "<group>"; };
		45B14777236AEC5E0043C54F /* ViewController.m */ = {isa = PBXFileReference; lastKnownFileType = sourcecode.c.objc; path = ViewController.m; sourceTree = "<group>"; };
		45B1477A236AEC5E0043C54F /* Base */ = {isa = PBXFileReference; lastKnownFileType = file.storyboard; name = Base; path = Base.lproj/Main.storyboard; sourceTree = "<group>"; };
		45B1477C236AEC5F0043C54F /* Assets.xcassets */ = {isa = PBXFileReference; lastKnownFileType = folder.assetcatalog; path = Assets.xcassets; sourceTree = "<group>"; };
		45B1477F236AEC5F0043C54F /* Base */ = {isa = PBXFileReference; lastKnownFileType = file.storyboard; name = Base; path = Base.lproj/LaunchScreen.storyboard; sourceTree = "<group>"; };
		45B14781236AEC5F0043C54F /* Info.plist */ = {isa = PBXFileReference; lastKnownFileType = text.plist.xml; path = Info.plist; sourceTree = "<group>"; };
		45B14782236AEC5F0043C54F /* main.m */ = {isa = PBXFileReference; lastKnownFileType = sourcecode.c.objc; path = main.m; sourceTree = "<group>"; };
		45B147AE236AED910043C54F /* ZFAudioRecorder.h */ = {isa = PBXFileReference; lastKnownFileType = sourcecode.c.h; path = ZFAudioRecorder.h; sourceTree = "<group>"; };
		45B147AF236AED910043C54F /* ZFAudioRecorder.m */ = {isa = PBXFileReference; lastKnownFileType = sourcecode.c.objc; path = ZFAudioRecorder.m; sourceTree = "<group>"; };
		45B147B1236AEE5B0043C54F /* ZFAudioFileManager.h */ = {isa = PBXFileReference; lastKnownFileType = sourcecode.c.h; path = ZFAudioFileManager.h; sourceTree = "<group>"; };
		45B147B2236AEE5B0043C54F /* ZFAudioFileManager.m */ = {isa = PBXFileReference; lastKnownFileType = sourcecode.c.objc; path = ZFAudioFileManager.m; sourceTree = "<group>"; };
/* End PBXFileReference section */

/* Begin PBXFrameworksBuildPhase section */
		45B1476A236AEC5E0043C54F /* Frameworks */ = {
			isa = PBXFrameworksBuildPhase;
			buildActionMask = 2147483647;
			files = (
			);
			runOnlyForDeploymentPostprocessing = 0;
		};
/* End PBXFrameworksBuildPhase section */

/* Begin PBXGroup section */
		45B14764236AEC5E0043C54F = {
			isa = PBXGroup;
			children = (
				45B1476F236AEC5E0043C54F /* AVCaptureSessionAudioRecorder */,
				45B1476E236AEC5E0043C54F /* Products */,
			);
			sourceTree = "<group>";
		};
		45B1476E236AEC5E0043C54F /* Products */ = {
			isa = PBXGroup;
			children = (
				45B1476D236AEC5E0043C54F /* AVCaptureSessionAudioRecorder.app */,
			);
			name = Products;
			sourceTree = "<group>";
		};
		45B1476F236AEC5E0043C54F /* AVCaptureSessionAudioRecorder */ = {
			isa = PBXGroup;
			children = (
				45B14770236AEC5E0043C54F /* AppDelegate.h */,
				45B14771236AEC5E0043C54F /* AppDelegate.m */,
				45B14776236AEC5E0043C54F /* ViewController.h */,
				45B14777236AEC5E0043C54F /* ViewController.m */,
				45B14779236AEC5E0043C54F /* Main.storyboard */,
				45B1477C236AEC5F0043C54F /* Assets.xcassets */,
				45B1477E236AEC5F0043C54F /* LaunchScreen.storyboard */,
				45B14781236AEC5F0043C54F /* Info.plist */,
				45B14782236AEC5F0043C54F /* main.m */,
				45B147AE236AED910043C54F /* ZFAudioRecorder.h */,
				45B147AF236AED910043C54F /* ZFAudioRecorder.m */,
				45B147B1236AEE5B0043C54F /* ZFAudioFileManager.h */,
				45B147B2236AEE5B0043C54F /* ZFAudioFileManager.m */,
			);
			path = AVCaptureSessionAudioRecorder;
			sourceTree = "<group>";
		};
/* End PBXGroup section */

/* Begin PBXNativeTarget section */
		45B1476C236AEC5E0043C54F /* AVCaptureSessionAudioRecorder */ = {
			isa = PBXNativeTarget;
			buildConfigurationList = 45B14786236AEC5F0043C54F /* Build configuration list for PBXNativeTarget "AVCaptureSessionAudioRecorder" */;
			buildPhases = (
				45B14769236AEC5E0043C54F /* Sources */,
				45B1476A236AEC5E0043C54F /* Frameworks */,
				45B1476B236AEC5E0043C54F /* Resources */,
			);
			buildRules = (
			);
			dependencies = (
			);
			name = AVCaptureSessionAudioRecorder;
			productName = AVCaptureSessionAudioRecorder;
			productReference = 45B1476D236AEC5E0043C54F /* AVCaptureSessionAudioRecorder.app */;
			productType = "com.apple.product-type.application";
		};
/* End PBXNativeTarget section */

/* Begin PBXProject section */
		45B14765236AEC5E0043C54F /* Project object */ = {
			isa = PBXProject;
			attributes = {
				LastUpgradeCheck = 1110;
				ORGANIZATIONNAME = "钟凡";
				TargetAttributes = {
					45B1476C236AEC5E0043C54F = {
						CreatedOnToolsVersion = 11.1;
					};
				};
			};
			buildConfigurationList = 45B14768236AEC5E0043C54F /* Build configuration list for PBXProject "AVCaptureSessionAudioRecorder" */;
			compatibilityVersion = "Xcode 9.3";
			developmentRegion = en;
			hasScannedForEncodings = 0;
			knownRegions = (
				en,
				Base,
			);
			mainGroup = 45B14764236AEC5E0043C54F;
			productRefGroup = 45B1476E236AEC5E0043C54F /* Products */;
			projectDirPath = "";
			projectRoot = "";
			targets = (
				45B1476C236AEC5E0043C54F /* AVCaptureSessionAudioRecorder */,
			);
		};
/* End PBXProject section */

/* Begin PBXResourcesBuildPhase section */
		45B1476B236AEC5E0043C54F /* Resources */ = {
			isa = PBXResourcesBuildPhase;
			buildActionMask = 2147483647;
			files = (
				45B14780236AEC5F0043C54F /* LaunchScreen.storyboard in Resources */,
				45B1477D236AEC5F0043C54F /* Assets.xcassets in Resources */,
				45B1477B236AEC5E0043C54F /* Main.storyboard in Resources */,
			);
			runOnlyForDeploymentPostprocessing = 0;
		};
/* End PBXResourcesBuildPhase section */

/* Begin PBXSourcesBuildPhase section */
		45B14769236AEC5E0043C54F /* Sources */ = {
			isa = PBXSourcesBuildPhase;
			buildActionMask = 2147483647;
			files = (
				45B14778236AEC5E0043C54F /* ViewController.m in Sources */,
				45B14772236AEC5E0043C54F /* AppDelegate.m in Sources */,
				45B147B3236AEE5B0043C54F /* ZFAudioFileManager.m in Sources */,
				45B14783236AEC5F0043C54F /* main.m in Sources */,
				45B147B0236AED910043C54F /* ZFAudioRecorder.m in Sources */,
			);
			runOnlyForDeploymentPostprocessing = 0;
		};
/* End PBXSourcesBuildPhase section */

/* Begin PBXVariantGroup section */
		45B14779236AEC5E0043C54F /* Main.storyboard */ = {
			isa = PBXVariantGroup;
			children = (
				45B1477A236AEC5E0043C54F /* Base */,
			);
			name = Main.storyboard;
			sourceTree = "<group>";
		};
		45B1477E236AEC5F0043C54F /* LaunchScreen.storyboard */ = {
			isa = PBXVariantGroup;
			children = (
				45B1477F236AEC5F0043C54F /* Base */,
			);
			name = LaunchScreen.storyboard;
			sourceTree = "<group>";
		};
/* End PBXVariantGroup section */

/* Begin XCBuildConfiguration section */
		45B14784236AEC5F0043C54F /* Debug */ = {
			isa = XCBuildConfiguration;
			buildSettings = {
				ALWAYS_SEARCH_USER_PATHS = NO;
				CLANG_ANALYZER_NONNULL = YES;
				CLANG_ANALYZER_NUMBER_OBJECT_CONVERSION = YES_AGGRESSIVE;
				CLANG_CXX_LANGUAGE_STANDARD = "gnu++14";
				CLANG_CXX_LIBRARY = "libc++";
				CLANG_ENABLE_MODULES = YES;
				CLANG_ENABLE_OBJC_ARC = YES;
				CLANG_ENABLE_OBJC_WEAK = YES;
				CLANG_WARN_BLOCK_CAPTURE_AUTORELEASING = YES;
				CLANG_WARN_BOOL_CONVERSION = YES;
				CLANG_WARN_COMMA = YES;
				CLANG_WARN_CONSTANT_CONVERSION = YES;
				CLANG_WARN_DEPRECATED_OBJC_IMPLEMENTATIONS = YES;
				CLANG_WARN_DIRECT_OBJC_ISA_USAGE = YES_ERROR;
				CLANG_WARN_DOCUMENTATION_COMMENTS = YES;
				CLANG_WARN_EMPTY_BODY = YES;
				CLANG_WARN_ENUM_CONVERSION = YES;
				CLANG_WARN_INFINITE_RECURSION = YES;
				CLANG_WARN_INT_CONVERSION = YES;
				CLANG_WARN_NON_LITERAL_NULL_CONVERSION = YES;
				CLANG_WARN_OBJC_IMPLICIT_RETAIN_SELF = YES;
				CLANG_WARN_OBJC_LITERAL_CONVERSION = YES;
				CLANG_WARN_OBJC_ROOT_CLASS = YES_ERROR;
				CLANG_WARN_RANGE_LOOP_ANALYSIS = YES;
				CLANG_WARN_STRICT_PROTOTYPES = YES;
				CLANG_WARN_SUSPICIOUS_MOVE = YES;
				CLANG_WARN_UNGUARDED_AVAILABILITY = YES_AGGRESSIVE;
				CLANG_WARN_UNREACHABLE_CODE = YES;
				CLANG_WARN__DUPLICATE_METHOD_MATCH = YES;
				COPY_PHASE_STRIP = NO;
				DEBUG_INFORMATION_FORMAT = dwarf;
				ENABLE_STRICT_OBJC_MSGSEND = YES;
				ENABLE_TESTABILITY = YES;
				GCC_C_LANGUAGE_STANDARD = gnu11;
				GCC_DYNAMIC_NO_PIC = NO;
				GCC_NO_COMMON_BLOCKS = YES;
				GCC_OPTIMIZATION_LEVEL = 0;
				GCC_PREPROCESSOR_DEFINITIONS = (
					"DEBUG=1",
					"$(inherited)",
				);
				GCC_WARN_64_TO_32_BIT_CONVERSION = YES;
				GCC_WARN_ABOUT_RETURN_TYPE = YES_ERROR;
				GCC_WARN_UNDECLARED_SELECTOR = YES;
				GCC_WARN_UNINITIALIZED_AUTOS = YES_AGGRESSIVE;
				GCC_WARN_UNUSED_FUNCTION = YES;
				GCC_WARN_UNUSED_VARIABLE = YES;
				IPHONEOS_DEPLOYMENT_TARGET = 9.0;
				MTL_ENABLE_DEBUG_INFO = INCLUDE_SOURCE;
				MTL_FAST_MATH = YES;
				ONLY_ACTIVE_ARCH = YES;
				SDKROOT = iphoneos;
			};
			name = Debug;
		};
		45B14785236AEC5F0043C54F /* Release */ = {
			isa = XCBuildConfiguration;
			buildSettings = {
				ALWAYS_SEARCH_USER_PATHS = NO;
				CLANG_ANALYZER_NONNULL = YES;
				CLANG_ANALYZER_NUMBER_OBJECT_CONVERSION = YES_AGGRESSIVE;
				CLANG_CXX_LANGUAGE_STANDARD = "gnu++14";
				CLANG_CXX_LIBRARY = "libc++";
				CLANG_ENABLE_MODULES = YES;
				CLANG_ENABLE_OBJC_ARC = YES;
				CLANG_ENABLE_OBJC_WEAK = YES;
				CLANG_WARN_BLOCK_CAPTURE_AUTORELEASING = YES;
				CLANG_WARN_BOOL_CONVERSION = YES;
				CLANG_WARN_COMMA = YES;
				CLANG_WARN_CONSTANT_CONVERSION = YES;
				CLANG_WARN_DEPRECATED_OBJC_IMPLEMENTATIONS = YES;
				CLANG_WARN_DIRECT_OBJC_ISA_USAGE = YES_ERROR;
				CLANG_WARN_DOCUMENTATION_COMMENTS = YES;
				CLANG_WARN_EMPTY_BODY = YES;
				CLANG_WARN_ENUM_CONVERSION = YES;
				CLANG_WARN_INFINITE_RECURSION = YES;
				CLANG_WARN_INT_CONVERSION = YES;
				CLANG_WARN_NON_LITERAL_NULL_CONVERSION = YES;
				CLANG_WARN_OBJC_IMPLICIT_RETAIN_SELF = YES;
				CLANG_WARN_OBJC_LITERAL_CONVERSION = YES;
				CLANG_WARN_OBJC_ROOT_CLASS = YES_ERROR;
				CLANG_WARN_RANGE_LOOP_ANALYSIS = YES;
				CLANG_WARN_STRICT_PROTOTYPES = YES;
				CLANG_WARN_SUSPICIOUS_MOVE = YES;
				CLANG_WARN_UNGUARDED_AVAILABILITY = YES_AGGRESSIVE;
				CLANG_WARN_UNREACHABLE_CODE = YES;
				CLANG_WARN__DUPLICATE_METHOD_MATCH = YES;
				COPY_PHASE_STRIP = NO;
				DEBUG_INFORMATION_FORMAT = "dwarf-with-dsym";
				ENABLE_NS_ASSERTIONS = NO;
				ENABLE_STRICT_OBJC_MSGSEND = YES;
				GCC_C_LANGUAGE_STANDARD = gnu11;
				GCC_NO_COMMON_BLOCKS = YES;
				GCC_WARN_64_TO_32_BIT_CONVERSION = YES;
				GCC_WARN_ABOUT_RETURN_TYPE = YES_ERROR;
				GCC_WARN_UNDECLARED_SELECTOR = YES;
				GCC_WARN_UNINITIALIZED_AUTOS = YES_AGGRESSIVE;
				GCC_WARN_UNUSED_FUNCTION = YES;
				GCC_WARN_UNUSED_VARIABLE = YES;
				IPHONEOS_DEPLOYMENT_TARGET = 9.0;
				MTL_ENABLE_DEBUG_INFO = NO;
				MTL_FAST_MATH = YES;
				SDKROOT = iphoneos;
				VALIDATE_PRODUCT = YES;
			};
			name = Release;
		};
		45B14787236AEC5F0043C54F /* Debug */ = {
			isa = XCBuildConfiguration;
			buildSettings = {
				ASSETCATALOG_COMPILER_APPICON_NAME = AppIcon;
				CODE_SIGN_STYLE = Automatic;
				DEVELOPMENT_TEAM = VB8MVMJBU4;
				INFOPLIST_FILE = AVCaptureSessionAudioRecorder/Info.plist;
				LD_RUNPATH_SEARCH_PATHS = (
					"$(inherited)",
					"@executable_path/Frameworks",
				);
				PRODUCT_BUNDLE_IDENTIFIER = zf.AVCaptureSessionAudioRecorder;
				PRODUCT_NAME = "$(TARGET_NAME)";
				TARGETED_DEVICE_FAMILY = "1,2";
			};
			name = Debug;
		};
		45B14788236AEC5F0043C54F /* Release */ = {
			isa = XCBuildConfiguration;
			buildSettings = {
				ASSETCATALOG_COMPILER_APPICON_NAME = AppIcon;
				CODE_SIGN_STYLE = Automatic;
				DEVELOPMENT_TEAM = VB8MVMJBU4;
				INFOPLIST_FILE = AVCaptureSessionAudioRecorder/Info.plist;
				LD_RUNPATH_SEARCH_PATHS = (
					"$(inherited)",
					"@executable_path/Frameworks",
				);
				PRODUCT_BUNDLE_IDENTIFIER = zf.AVCaptureSessionAudioRecorder;
				PRODUCT_NAME = "$(TARGET_NAME)";
				TARGETED_DEVICE_FAMILY = "1,2";
			};
			name = Release;
		};
/* End XCBuildConfiguration section */

/* Begin XCConfigurationList section */
		45B14768236AEC5E0043C54F /* Build configuration list for PBXProject "AVCaptureSessionAudioRecorder" */ = {
			isa = XCConfigurationList;
			buildConfigurations = (
				45B14784236AEC5F0043C54F /* Debug */,
				45B14785236AEC5F0043C54F /* Release */,
			);
			defaultConfigurationIsVisible = 0;
			defaultConfigurationName = Release;
		};
		45B14786236AEC5F0043C54F /* Build configuration list for PBXNativeTarget "AVCaptureSessionAudioRecorder" */ = {
			isa = XCConfigurationList;
			buildConfigurations = (
				45B14787236AEC5F0043C54F /* Debug */,
				45B14788236AEC5F0043C54F /* Release */,
			);
			defaultConfigurationIsVisible = 0;
			defaultConfigurationName = Release;
		};
/* End XCConfigurationList section */
	};
	rootObject = 45B14765236AEC5E0043C54F /* Project object */;
}
